
Microsoft Visual Studio Solution File, Format Version 12.00
# Visual Studio 15
VisualStudioVersion = 15.0.28307.489
MinimumVisualStudioVersion = 10.0.40219.1
Project("{FAE04EC0-301F-11D3-BF4B-00C04F79EFBC}") = "Lab13", "Lab13\Lab13.csproj", "{2218DAD8-1A21-4697-84FE-D772D313B36F}"
EndProject
Global
	GlobalSection(SolutionConfigurationPlatforms) = preSolution
		Debug|Any CPU = Debug|Any CPU
		Release|Any CPU = Release|Any CPU
	EndGlobalSection
	GlobalSection(ProjectConfigurationPlatforms) = postSolution
		{2218DAD8-1A21-4697-84FE-D772D313B36F}.Debug|Any CPU.ActiveCfg = Debug|Any CPU
		{2218DAD8-1A21-4697-84FE-D772D313B36F}.Debug|Any CPU.Build.0 = Debug|Any CPU
		{2218DAD8-1A21-4697-84FE-D772D313B36F}.Release|Any CPU.ActiveCfg = Release|Any CPU
		{2218DAD8-1A21-4697-84FE-D772D313B36F}.Release|Any CPU.Build.0 = Release|Any CPU
	EndGlobalSection
	GlobalSection(SolutionProperties) = preSolution
		HideSolutionNode = FALSE
	EndGlobalSection
	GlobalSection(ExtensibilityGlobals) = postSolution
		SolutionGuid = {94DFE3BD-AC48-40B4-BA3E-7978E55F6131}
	EndGlobalSection
EndGlobal
